
Microsoft Visual Studio Solution File, Format Version 12.00
# Visual Studio Version 17
VisualStudioVersion = 17.11.35303.130
MinimumVisualStudioVersion = 10.0.40219.1
Project("{FAE04EC0-301F-11D3-BF4B-00C04F79EFBC}") = "Sem2ExQs", "Sem2ExQs.csproj", "{572542EA-1326-454C-89CB-888E10F7D6BF}"
EndProject
Global
	GlobalSection(SolutionConfigurationPlatforms) = preSolution
		Debug|Any CPU = Debug|Any CPU
		Release|Any CPU = Release|Any CPU
	EndGlobalSection
	GlobalSection(ProjectConfigurationPlatforms) = postSolution
		{572542EA-1326-454C-89CB-888E10F7D6BF}.Debug|Any CPU.ActiveCfg = Debug|Any CPU
		{572542EA-1326-454C-89CB-888E10F7D6BF}.Debug|Any CPU.Build.0 = Debug|Any CPU
		{572542EA-1326-454C-89CB-888E10F7D6BF}.Release|Any CPU.ActiveCfg = Release|Any CPU
		{572542EA-1326-454C-89CB-888E10F7D6BF}.Release|Any CPU.Build.0 = Release|Any CPU
	EndGlobalSection
	GlobalSection(SolutionProperties) = preSolution
		HideSolutionNode = FALSE
	EndGlobalSection
	GlobalSection(ExtensibilityGlobals) = postSolution
		SolutionGuid = {0BCF0ADF-16D0-4E7E-8695-9D2F94099684}
	EndGlobalSection
EndGlobal
