
Microsoft Visual Studio Solution File, Format Version 12.00
# Visual Studio Version 17
VisualStudioVersion = 17.10.35027.167
MinimumVisualStudioVersion = 10.0.40219.1
Project("{FAE04EC0-301F-11D3-BF4B-00C04F79EFBC}") = "CSharpCRUD1", "CSharpCRUD1.csproj", "{94F56C31-5CF1-4472-8A3E-D04A2397735A}"
EndProject
Global
	GlobalSection(SolutionConfigurationPlatforms) = preSolution
		Debug|Any CPU = Debug|Any CPU
		Release|Any CPU = Release|Any CPU
	EndGlobalSection
	GlobalSection(ProjectConfigurationPlatforms) = postSolution
		{94F56C31-5CF1-4472-8A3E-D04A2397735A}.Debug|Any CPU.ActiveCfg = Debug|Any CPU
		{94F56C31-5CF1-4472-8A3E-D04A2397735A}.Debug|Any CPU.Build.0 = Debug|Any CPU
		{94F56C31-5CF1-4472-8A3E-D04A2397735A}.Release|Any CPU.ActiveCfg = Release|Any CPU
		{94F56C31-5CF1-4472-8A3E-D04A2397735A}.Release|Any CPU.Build.0 = Release|Any CPU
	EndGlobalSection
	GlobalSection(SolutionProperties) = preSolution
		HideSolutionNode = FALSE
	EndGlobalSection
	GlobalSection(ExtensibilityGlobals) = postSolution
		SolutionGuid = {C3ED0A52-397B-4EF1-AEA3-EE65FF2DDAAC}
	EndGlobalSection
EndGlobal
