
Microsoft Visual Studio Solution File, Format Version 12.00
# Visual Studio Version 17
VisualStudioVersion = 17.10.35027.167
MinimumVisualStudioVersion = 10.0.40219.1
Project("{FAE04EC0-301F-11D3-BF4B-00C04F79EFBC}") = "SearchingDatas", "SearchingDatas.csproj", "{6CA2D37E-E910-4F98-85F8-80DF9525564D}"
EndProject
Global
	GlobalSection(SolutionConfigurationPlatforms) = preSolution
		Debug|Any CPU = Debug|Any CPU
		Release|Any CPU = Release|Any CPU
	EndGlobalSection
	GlobalSection(ProjectConfigurationPlatforms) = postSolution
		{6CA2D37E-E910-4F98-85F8-80DF9525564D}.Debug|Any CPU.ActiveCfg = Debug|Any CPU
		{6CA2D37E-E910-4F98-85F8-80DF9525564D}.Debug|Any CPU.Build.0 = Debug|Any CPU
		{6CA2D37E-E910-4F98-85F8-80DF9525564D}.Release|Any CPU.ActiveCfg = Release|Any CPU
		{6CA2D37E-E910-4F98-85F8-80DF9525564D}.Release|Any CPU.Build.0 = Release|Any CPU
	EndGlobalSection
	GlobalSection(SolutionProperties) = preSolution
		HideSolutionNode = FALSE
	EndGlobalSection
	GlobalSection(ExtensibilityGlobals) = postSolution
		SolutionGuid = {13DCEF49-2BD4-431F-8361-52CA2593D90C}
	EndGlobalSection
EndGlobal
