
Microsoft Visual Studio Solution File, Format Version 12.00
# Visual Studio Version 17
VisualStudioVersion = 17.10.35027.167
MinimumVisualStudioVersion = 10.0.40219.1
Project("{FAE04EC0-301F-11D3-BF4B-00C04F79EFBC}") = "CSharpExercises2", "CSharpExercises2.csproj", "{DD47D910-487D-483A-A561-2AA4F7427673}"
EndProject
Global
	GlobalSection(SolutionConfigurationPlatforms) = preSolution
		Debug|Any CPU = Debug|Any CPU
		Release|Any CPU = Release|Any CPU
	EndGlobalSection
	GlobalSection(ProjectConfigurationPlatforms) = postSolution
		{DD47D910-487D-483A-A561-2AA4F7427673}.Debug|Any CPU.ActiveCfg = Debug|Any CPU
		{DD47D910-487D-483A-A561-2AA4F7427673}.Debug|Any CPU.Build.0 = Debug|Any CPU
		{DD47D910-487D-483A-A561-2AA4F7427673}.Release|Any CPU.ActiveCfg = Release|Any CPU
		{DD47D910-487D-483A-A561-2AA4F7427673}.Release|Any CPU.Build.0 = Release|Any CPU
	EndGlobalSection
	GlobalSection(SolutionProperties) = preSolution
		HideSolutionNode = FALSE
	EndGlobalSection
	GlobalSection(ExtensibilityGlobals) = postSolution
		SolutionGuid = {D0FD2A95-FAD6-4FCF-A8CA-E85B971E4EB5}
	EndGlobalSection
EndGlobal
